
Microsoft Visual Studio Solution File, Format Version 12.00
# Visual Studio Version 17
VisualStudioVersion = 17.9.34728.123
MinimumVisualStudioVersion = 10.0.40219.1
Project("{FAE04EC0-301F-11D3-BF4B-00C04F79EFBC}") = "DigitalFinanceReactApp.Server", "DigitalFinanceReactApp.Server\DigitalFinanceReactApp.Server.csproj", "{19163062-7DAE-4C65-A5A8-76BF47C94D67}"
EndProject
Project("{54A90642-561A-4BB1-A94E-469ADEE60C69}") = "digitalfinancereactapp.client", "digitalfinancereactapp.client\digitalfinancereactapp.client.esproj", "{A1185DCB-BFFF-4D2F-82BA-8EBA2452B101}"
EndProject
Global
	GlobalSection(SolutionConfigurationPlatforms) = preSolution
		Debug|Any CPU = Debug|Any CPU
		Release|Any CPU = Release|Any CPU
	EndGlobalSection
	GlobalSection(ProjectConfigurationPlatforms) = postSolution
		{19163062-7DAE-4C65-A5A8-76BF47C94D67}.Debug|Any CPU.ActiveCfg = Debug|Any CPU
		{19163062-7DAE-4C65-A5A8-76BF47C94D67}.Debug|Any CPU.Build.0 = Debug|Any CPU
		{19163062-7DAE-4C65-A5A8-76BF47C94D67}.Release|Any CPU.ActiveCfg = Release|Any CPU
		{19163062-7DAE-4C65-A5A8-76BF47C94D67}.Release|Any CPU.Build.0 = Release|Any CPU
		{A1185DCB-BFFF-4D2F-82BA-8EBA2452B101}.Debug|Any CPU.ActiveCfg = Debug|Any CPU
		{A1185DCB-BFFF-4D2F-82BA-8EBA2452B101}.Debug|Any CPU.Build.0 = Debug|Any CPU
		{A1185DCB-BFFF-4D2F-82BA-8EBA2452B101}.Debug|Any CPU.Deploy.0 = Debug|Any CPU
		{A1185DCB-BFFF-4D2F-82BA-8EBA2452B101}.Release|Any CPU.ActiveCfg = Release|Any CPU
		{A1185DCB-BFFF-4D2F-82BA-8EBA2452B101}.Release|Any CPU.Build.0 = Release|Any CPU
		{A1185DCB-BFFF-4D2F-82BA-8EBA2452B101}.Release|Any CPU.Deploy.0 = Release|Any CPU
	EndGlobalSection
	GlobalSection(SolutionProperties) = preSolution
		HideSolutionNode = FALSE
	EndGlobalSection
	GlobalSection(ExtensibilityGlobals) = postSolution
		SolutionGuid = {F87E3E04-A7C8-4255-B6A0-E6FDE0A21E1E}
	EndGlobalSection
EndGlobal
